
Microsoft Visual Studio Solution File, Format Version 12.00
# Visual Studio 15
Project("{FAE04EC0-301F-11D3-BF4B-00C04F79EFBC}") = "Add1.Android", "Add1.Android\Add1.Android.csproj", "{B0C6F08C-B627-4429-87AE-8AD335768D90}"
EndProject
Project("{FAE04EC0-301F-11D3-BF4B-00C04F79EFBC}") = "Add1.iOS", "Add1.iOS\Add1.iOS.csproj", "{CF5E076B-2B97-4C0F-98ED-EC20289515E6}"
EndProject
Project("{FAE04EC0-301F-11D3-BF4B-00C04F79EFBC}") = "Add1.UITests", "Add1.UITests\Add1.UITests.csproj", "{E2B641E6-07B5-423F-967B-A43578143B2B}"
EndProject
Project("{FAE04EC0-301F-11D3-BF4B-00C04F79EFBC}") = "Add1", "Add1\Add1.csproj", "{0609411E-471A-488E-8200-BC9E2D83ABF1}"
EndProject
Project("{FAE04EC0-301F-11D3-BF4B-00C04F79EFBC}") = "Add1.UnitTests", "Add1.UnitTests\Add1.UnitTests.csproj", "{65C966E0-9ED6-458B-88C2-89E42FA33ACB}"
EndProject
Global
	GlobalSection(SolutionConfigurationPlatforms) = preSolution
		Debug|Any CPU = Debug|Any CPU
		Release|Any CPU = Release|Any CPU
		Debug|iPhoneSimulator = Debug|iPhoneSimulator
		Release|iPhoneSimulator = Release|iPhoneSimulator
		Debug|iPhone = Debug|iPhone
		Release|iPhone = Release|iPhone
	EndGlobalSection
	GlobalSection(ProjectConfigurationPlatforms) = postSolution
		{B0C6F08C-B627-4429-87AE-8AD335768D90}.Debug|Any CPU.ActiveCfg = Debug|Any CPU
		{B0C6F08C-B627-4429-87AE-8AD335768D90}.Debug|Any CPU.Build.0 = Debug|Any CPU
		{B0C6F08C-B627-4429-87AE-8AD335768D90}.Release|Any CPU.ActiveCfg = Release|Any CPU
		{B0C6F08C-B627-4429-87AE-8AD335768D90}.Release|Any CPU.Build.0 = Release|Any CPU
		{B0C6F08C-B627-4429-87AE-8AD335768D90}.Debug|iPhoneSimulator.ActiveCfg = Debug|Any CPU
		{B0C6F08C-B627-4429-87AE-8AD335768D90}.Debug|iPhoneSimulator.Build.0 = Debug|Any CPU
		{B0C6F08C-B627-4429-87AE-8AD335768D90}.Release|iPhoneSimulator.ActiveCfg = Release|Any CPU
		{B0C6F08C-B627-4429-87AE-8AD335768D90}.Release|iPhoneSimulator.Build.0 = Release|Any CPU
		{B0C6F08C-B627-4429-87AE-8AD335768D90}.Debug|iPhone.ActiveCfg = Debug|Any CPU
		{B0C6F08C-B627-4429-87AE-8AD335768D90}.Debug|iPhone.Build.0 = Debug|Any CPU
		{B0C6F08C-B627-4429-87AE-8AD335768D90}.Release|iPhone.ActiveCfg = Release|Any CPU
		{B0C6F08C-B627-4429-87AE-8AD335768D90}.Release|iPhone.Build.0 = Release|Any CPU
		{CF5E076B-2B97-4C0F-98ED-EC20289515E6}.Debug|Any CPU.ActiveCfg = Debug|iPhoneSimulator
		{CF5E076B-2B97-4C0F-98ED-EC20289515E6}.Debug|Any CPU.Build.0 = Debug|iPhoneSimulator
		{CF5E076B-2B97-4C0F-98ED-EC20289515E6}.Release|Any CPU.ActiveCfg = Release|iPhoneSimulator
		{CF5E076B-2B97-4C0F-98ED-EC20289515E6}.Release|Any CPU.Build.0 = Release|iPhoneSimulator
		{CF5E076B-2B97-4C0F-98ED-EC20289515E6}.Debug|iPhoneSimulator.ActiveCfg = Debug|iPhoneSimulator
		{CF5E076B-2B97-4C0F-98ED-EC20289515E6}.Debug|iPhoneSimulator.Build.0 = Debug|iPhoneSimulator
		{CF5E076B-2B97-4C0F-98ED-EC20289515E6}.Release|iPhoneSimulator.ActiveCfg = Release|iPhoneSimulator
		{CF5E076B-2B97-4C0F-98ED-EC20289515E6}.Release|iPhoneSimulator.Build.0 = Release|iPhoneSimulator
		{CF5E076B-2B97-4C0F-98ED-EC20289515E6}.Debug|iPhone.ActiveCfg = Debug|iPhone
		{CF5E076B-2B97-4C0F-98ED-EC20289515E6}.Debug|iPhone.Build.0 = Debug|iPhone
		{CF5E076B-2B97-4C0F-98ED-EC20289515E6}.Release|iPhone.ActiveCfg = Release|iPhone
		{CF5E076B-2B97-4C0F-98ED-EC20289515E6}.Release|iPhone.Build.0 = Release|iPhone
		{E2B641E6-07B5-423F-967B-A43578143B2B}.Debug|Any CPU.ActiveCfg = Debug|Any CPU
		{E2B641E6-07B5-423F-967B-A43578143B2B}.Debug|Any CPU.Build.0 = Debug|Any CPU
		{E2B641E6-07B5-423F-967B-A43578143B2B}.Release|Any CPU.ActiveCfg = Release|Any CPU
		{E2B641E6-07B5-423F-967B-A43578143B2B}.Release|Any CPU.Build.0 = Release|Any CPU
		{E2B641E6-07B5-423F-967B-A43578143B2B}.Debug|iPhoneSimulator.ActiveCfg = Debug|Any CPU
		{E2B641E6-07B5-423F-967B-A43578143B2B}.Debug|iPhoneSimulator.Build.0 = Debug|Any CPU
		{E2B641E6-07B5-423F-967B-A43578143B2B}.Release|iPhoneSimulator.ActiveCfg = Release|Any CPU
		{E2B641E6-07B5-423F-967B-A43578143B2B}.Release|iPhoneSimulator.Build.0 = Release|Any CPU
		{E2B641E6-07B5-423F-967B-A43578143B2B}.Debug|iPhone.ActiveCfg = Debug|Any CPU
		{E2B641E6-07B5-423F-967B-A43578143B2B}.Debug|iPhone.Build.0 = Debug|Any CPU
		{E2B641E6-07B5-423F-967B-A43578143B2B}.Release|iPhone.ActiveCfg = Release|Any CPU
		{E2B641E6-07B5-423F-967B-A43578143B2B}.Release|iPhone.Build.0 = Release|Any CPU
		{0609411E-471A-488E-8200-BC9E2D83ABF1}.Debug|Any CPU.ActiveCfg = Debug|Any CPU
		{0609411E-471A-488E-8200-BC9E2D83ABF1}.Debug|Any CPU.Build.0 = Debug|Any CPU
		{0609411E-471A-488E-8200-BC9E2D83ABF1}.Release|Any CPU.ActiveCfg = Release|Any CPU
		{0609411E-471A-488E-8200-BC9E2D83ABF1}.Release|Any CPU.Build.0 = Release|Any CPU
		{0609411E-471A-488E-8200-BC9E2D83ABF1}.Debug|iPhoneSimulator.ActiveCfg = Debug|Any CPU
		{0609411E-471A-488E-8200-BC9E2D83ABF1}.Debug|iPhoneSimulator.Build.0 = Debug|Any CPU
		{0609411E-471A-488E-8200-BC9E2D83ABF1}.Release|iPhoneSimulator.ActiveCfg = Release|Any CPU
		{0609411E-471A-488E-8200-BC9E2D83ABF1}.Release|iPhoneSimulator.Build.0 = Release|Any CPU
		{0609411E-471A-488E-8200-BC9E2D83ABF1}.Debug|iPhone.ActiveCfg = Debug|Any CPU
		{0609411E-471A-488E-8200-BC9E2D83ABF1}.Debug|iPhone.Build.0 = Debug|Any CPU
		{0609411E-471A-488E-8200-BC9E2D83ABF1}.Release|iPhone.ActiveCfg = Release|Any CPU
		{0609411E-471A-488E-8200-BC9E2D83ABF1}.Release|iPhone.Build.0 = Release|Any CPU
		{65C966E0-9ED6-458B-88C2-89E42FA33ACB}.Debug|Any CPU.ActiveCfg = Debug|Any CPU
		{65C966E0-9ED6-458B-88C2-89E42FA33ACB}.Debug|Any CPU.Build.0 = Debug|Any CPU
		{65C966E0-9ED6-458B-88C2-89E42FA33ACB}.Release|Any CPU.ActiveCfg = Release|Any CPU
		{65C966E0-9ED6-458B-88C2-89E42FA33ACB}.Release|Any CPU.Build.0 = Release|Any CPU
		{65C966E0-9ED6-458B-88C2-89E42FA33ACB}.Debug|iPhoneSimulator.ActiveCfg = Debug|Any CPU
		{65C966E0-9ED6-458B-88C2-89E42FA33ACB}.Debug|iPhoneSimulator.Build.0 = Debug|Any CPU
		{65C966E0-9ED6-458B-88C2-89E42FA33ACB}.Release|iPhoneSimulator.ActiveCfg = Release|Any CPU
		{65C966E0-9ED6-458B-88C2-89E42FA33ACB}.Release|iPhoneSimulator.Build.0 = Release|Any CPU
		{65C966E0-9ED6-458B-88C2-89E42FA33ACB}.Debug|iPhone.ActiveCfg = Debug|Any CPU
		{65C966E0-9ED6-458B-88C2-89E42FA33ACB}.Debug|iPhone.Build.0 = Debug|Any CPU
		{65C966E0-9ED6-458B-88C2-89E42FA33ACB}.Release|iPhone.ActiveCfg = Release|Any CPU
		{65C966E0-9ED6-458B-88C2-89E42FA33ACB}.Release|iPhone.Build.0 = Release|Any CPU
	EndGlobalSection
EndGlobal
